// !$*UTF8*$!
{
	archiveVersion = 1;
	classes = {
	};
	objectVersion = 46;
	objects = {

/* Begin PBXBuildFile section */
		8F005B9113AE8B13004BBFED /* Cocoa.framework in Frameworks */ = {isa = PBXBuildFile; fileRef = 8F005B9013AE8B13004BBFED /* Cocoa.framework */; };
		8F005B9B13AE8B13004BBFED /* InfoPlist.strings in Resources */ = {isa = PBXBuildFile; fileRef = 8F005B9913AE8B13004BBFED /* InfoPlist.strings */; };
		8F005B9E13AE8B13004BBFED /* main.m in Sources */ = {isa = PBXBuildFile; fileRef = 8F005B9D13AE8B13004BBFED /* main.m */; };
		8F005BA413AE8B13004BBFED /* XenAppDelegate.m in Sources */ = {isa = PBXBuildFile; fileRef = 8F005BA313AE8B13004BBFED /* XenAppDelegate.m */; };
		8F005BC613AE8B47004BBFED /* BHEncounter.m in Sources */ = {isa = PBXBuildFile; fileRef = 8F005BC513AE8B47004BBFED /* BHEncounter.m */; };
		8F2D14B514E9C8370064E40C /* open.png in Resources */ = {isa = PBXBuildFile; fileRef = 8F2D14B314E9C8370064E40C /* open.png */; };
		8F2D14B614E9C8370064E40C /* save.png in Resources */ = {isa = PBXBuildFile; fileRef = 8F2D14B414E9C8370064E40C /* save.png */; };
		8F2D14C314E9EA230064E40C /* Encounter.icns in Resources */ = {isa = PBXBuildFile; fileRef = 8F2D14C214E9EA230064E40C /* Encounter.icns */; };
		8F90C70214E2086400893221 /* MainMenu.xib in Resources */ = {isa = PBXBuildFile; fileRef = 8F90C70014E2086400893221 /* MainMenu.xib */; };
		8FDF15F414E20C9500310EAA /* XenController.m in Sources */ = {isa = PBXBuildFile; fileRef = 8FDF15F314E20C9500310EAA /* XenController.m */; };
		8FE07329165EDC4A0029CC4B /* BHCsvDataFormatter.m in Sources */ = {isa = PBXBuildFile; fileRef = 8FE07328165EDC4A0029CC4B /* BHCsvDataFormatter.m */; };
		8FE07334165EEBBF0029CC4B /* BHJsonDataFormatter.m in Sources */ = {isa = PBXBuildFile; fileRef = 8FE07333165EEBBF0029CC4B /* BHJsonDataFormatter.m */; };
		8FE07337165EED470029CC4B /* BHXmlDataFormatter.m in Sources */ = {isa = PBXBuildFile; fileRef = 8FE07336165EED470029CC4B /* BHXmlDataFormatter.m */; };
/* End PBXBuildFile section */

/* Begin PBXFileReference section */
		8F005B8C13AE8B13004BBFED /* Xen.app */ = {isa = PBXFileReference; explicitFileType = wrapper.application; includeInIndex = 0; path = Xen.app; sourceTree = BUILT_PRODUCTS_DIR; };
		8F005B9013AE8B13004BBFED /* Cocoa.framework */ = {isa = PBXFileReference; lastKnownFileType = wrapper.framework; name = Cocoa.framework; path = System/Library/Frameworks/Cocoa.framework; sourceTree = SDKROOT; };
		8F005B9313AE8B13004BBFED /* AppKit.framework */ = {isa = PBXFileReference; lastKnownFileType = wrapper.framework; name = AppKit.framework; path = System/Library/Frameworks/AppKit.framework; sourceTree = SDKROOT; };
		8F005B9413AE8B13004BBFED /* CoreData.framework */ = {isa = PBXFileReference; lastKnownFileType = wrapper.framework; name = CoreData.framework; path = System/Library/Frameworks/CoreData.framework; sourceTree = SDKROOT; };
		8F005B9513AE8B13004BBFED /* Foundation.framework */ = {isa = PBXFileReference; lastKnownFileType = wrapper.framework; name = Foundation.framework; path = System/Library/Frameworks/Foundation.framework; sourceTree = SDKROOT; };
		8F005B9813AE8B13004BBFED /* Xen-Info.plist */ = {isa = PBXFileReference; lastKnownFileType = text.plist.xml; path = "Xen-Info.plist"; sourceTree = "<group>"; };
		8F005B9A13AE8B13004BBFED /* en */ = {isa = PBXFileReference; lastKnownFileType = text.plist.strings; name = en; path = en.lproj/InfoPlist.strings; sourceTree = "<group>"; };
		8F005B9C13AE8B13004BBFED /* Xen-Prefix.pch */ = {isa = PBXFileReference; lastKnownFileType = sourcecode.c.h; path = "Xen-Prefix.pch"; sourceTree = "<group>"; };
		8F005B9D13AE8B13004BBFED /* main.m */ = {isa = PBXFileReference; lastKnownFileType = sourcecode.c.objc; path = main.m; sourceTree = "<group>"; };
		8F005BA213AE8B13004BBFED /* XenAppDelegate.h */ = {isa = PBXFileReference; lastKnownFileType = sourcecode.c.h; path = XenAppDelegate.h; sourceTree = "<group>"; };
		8F005BA313AE8B13004BBFED /* XenAppDelegate.m */ = {isa = PBXFileReference; lastKnownFileType = sourcecode.c.objc; path = XenAppDelegate.m; sourceTree = "<group>"; };
		8F005BC413AE8B47004BBFED /* BHEncounter.h */ = {isa = PBXFileReference; fileEncoding = 4; lastKnownFileType = sourcecode.c.h; path = BHEncounter.h; sourceTree = "<group>"; };
		8F005BC513AE8B47004BBFED /* BHEncounter.m */ = {isa = PBXFileReference; fileEncoding = 4; lastKnownFileType = sourcecode.c.objc; path = BHEncounter.m; sourceTree = "<group>"; };
		8F2D14B314E9C8370064E40C /* open.png */ = {isa = PBXFileReference; lastKnownFileType = image.png; path = open.png; sourceTree = "<group>"; };
		8F2D14B414E9C8370064E40C /* save.png */ = {isa = PBXFileReference; lastKnownFileType = image.png; path = save.png; sourceTree = "<group>"; };
		8F2D14C214E9EA230064E40C /* Encounter.icns */ = {isa = PBXFileReference; lastKnownFileType = image.icns; name = Encounter.icns; path = ../Encounter.icns; sourceTree = "<group>"; };
		8F90C70114E2086400893221 /* en */ = {isa = PBXFileReference; lastKnownFileType = file.xib; name = en; path = en.lproj/MainMenu.xib; sourceTree = "<group>"; };
		8FDF15F214E20C9500310EAA /* XenController.h */ = {isa = PBXFileReference; fileEncoding = 4; lastKnownFileType = sourcecode.c.h; path = XenController.h; sourceTree = "<group>"; };
		8FDF15F314E20C9500310EAA /* XenController.m */ = {isa = PBXFileReference; fileEncoding = 4; lastKnownFileType = sourcecode.c.objc; path = XenController.m; sourceTree = "<group>"; };
		8FE07327165EDC4A0029CC4B /* BHCsvDataFormatter.h */ = {isa = PBXFileReference; fileEncoding = 4; lastKnownFileType = sourcecode.c.h; path = BHCsvDataFormatter.h; sourceTree = "<group>"; };
		8FE07328165EDC4A0029CC4B /* BHCsvDataFormatter.m */ = {isa = PBXFileReference; fileEncoding = 4; lastKnownFileType = sourcecode.c.objc; path = BHCsvDataFormatter.m; sourceTree = "<group>"; };
		8FE07332165EEBBF0029CC4B /* BHJsonDataFormatter.h */ = {isa = PBXFileReference; fileEncoding = 4; lastKnownFileType = sourcecode.c.h; path = BHJsonDataFormatter.h; sourceTree = "<group>"; };
		8FE07333165EEBBF0029CC4B /* BHJsonDataFormatter.m */ = {isa = PBXFileReference; fileEncoding = 4; lastKnownFileType = sourcecode.c.objc; path = BHJsonDataFormatter.m; sourceTree = "<group>"; };
		8FE07335165EED470029CC4B /* BHXmlDataFormatter.h */ = {isa = PBXFileReference; fileEncoding = 4; lastKnownFileType = sourcecode.c.h; path = BHXmlDataFormatter.h; sourceTree = "<group>"; };
		8FE07336165EED470029CC4B /* BHXmlDataFormatter.m */ = {isa = PBXFileReference; fileEncoding = 4; lastKnownFileType = sourcecode.c.objc; path = BHXmlDataFormatter.m; sourceTree = "<group>"; };
		8FED2984164EF4120024A3B7 /* BHIEncounter.h */ = {isa = PBXFileReference; fileEncoding = 4; lastKnownFileType = sourcecode.c.h; path = BHIEncounter.h; sourceTree = "<group>"; };
		8FED2986164EF7A00024A3B7 /* BHIDataFormatter.h */ = {isa = PBXFileReference; fileEncoding = 4; lastKnownFileType = sourcecode.c.h; path = BHIDataFormatter.h; sourceTree = "<group>"; };
/* End PBXFileReference section */

/* Begin PBXFrameworksBuildPhase section */
		8F005B8913AE8B13004BBFED /* Frameworks */ = {
			isa = PBXFrameworksBuildPhase;
			buildActionMask = 2147483647;
			files = (
				8F005B9113AE8B13004BBFED /* Cocoa.framework in Frameworks */,
			);
			runOnlyForDeploymentPostprocessing = 0;
		};
/* End PBXFrameworksBuildPhase section */

/* Begin PBXGroup section */
		8F005B8113AE8B13004BBFED = {
			isa = PBXGroup;
			children = (
				8F005B9613AE8B13004BBFED /* Xen */,
				8F005B8F13AE8B13004BBFED /* Frameworks */,
				8F005B8D13AE8B13004BBFED /* Products */,
			);
			sourceTree = "<group>";
		};
		8F005B8D13AE8B13004BBFED /* Products */ = {
			isa = PBXGroup;
			children = (
				8F005B8C13AE8B13004BBFED /* Xen.app */,
			);
			name = Products;
			sourceTree = "<group>";
		};
		8F005B8F13AE8B13004BBFED /* Frameworks */ = {
			isa = PBXGroup;
			children = (
				8F005B9013AE8B13004BBFED /* Cocoa.framework */,
				8F005B9213AE8B13004BBFED /* Other Frameworks */,
			);
			name = Frameworks;
			sourceTree = "<group>";
		};
		8F005B9213AE8B13004BBFED /* Other Frameworks */ = {
			isa = PBXGroup;
			children = (
				8F005B9313AE8B13004BBFED /* AppKit.framework */,
				8F005B9413AE8B13004BBFED /* CoreData.framework */,
				8F005B9513AE8B13004BBFED /* Foundation.framework */,
			);
			name = "Other Frameworks";
			sourceTree = "<group>";
		};
		8F005B9613AE8B13004BBFED /* Xen */ = {
			isa = PBXGroup;
			children = (
				8F005B9713AE8B13004BBFED /* Supporting Files */,
				8F90C70014E2086400893221 /* MainMenu.xib */,
				8F005BA213AE8B13004BBFED /* XenAppDelegate.h */,
				8F005BA313AE8B13004BBFED /* XenAppDelegate.m */,
				8F005BC413AE8B47004BBFED /* BHEncounter.h */,
				8F005BC513AE8B47004BBFED /* BHEncounter.m */,
				8FED2986164EF7A00024A3B7 /* BHIDataFormatter.h */,
				8FED2984164EF4120024A3B7 /* BHIEncounter.h */,
				8FE07327165EDC4A0029CC4B /* BHCsvDataFormatter.h */,
				8FE07328165EDC4A0029CC4B /* BHCsvDataFormatter.m */,
				8FE07332165EEBBF0029CC4B /* BHJsonDataFormatter.h */,
				8FE07333165EEBBF0029CC4B /* BHJsonDataFormatter.m */,
				8FE07335165EED470029CC4B /* BHXmlDataFormatter.h */,
				8FE07336165EED470029CC4B /* BHXmlDataFormatter.m */,
				8FDF15F214E20C9500310EAA /* XenController.h */,
				8FDF15F314E20C9500310EAA /* XenController.m */,
			);
			path = Xen;
			sourceTree = "<group>";
		};
		8F005B9713AE8B13004BBFED /* Supporting Files */ = {
			isa = PBXGroup;
			children = (
				8F2D14C214E9EA230064E40C /* Encounter.icns */,
				8F2D14B314E9C8370064E40C /* open.png */,
				8F2D14B414E9C8370064E40C /* save.png */,
				8F005B9813AE8B13004BBFED /* Xen-Info.plist */,
				8F005B9913AE8B13004BBFED /* InfoPlist.strings */,
				8F005B9C13AE8B13004BBFED /* Xen-Prefix.pch */,
				8F005B9D13AE8B13004BBFED /* main.m */,
			);
			name = "Supporting Files";
			sourceTree = "<group>";
		};
/* End PBXGroup section */

/* Begin PBXNativeTarget section */
		8F005B8B13AE8B13004BBFED /* Xen */ = {
			isa = PBXNativeTarget;
			buildConfigurationList = 8F005BBE13AE8B14004BBFED /* Build configuration list for PBXNativeTarget "Xen" */;
			buildPhases = (
				8F005B8813AE8B13004BBFED /* Sources */,
				8F005B8913AE8B13004BBFED /* Frameworks */,
				8F005B8A13AE8B13004BBFED /* Resources */,
			);
			buildRules = (
			);
			dependencies = (
			);
			name = Xen;
			productName = Xen;
			productReference = 8F005B8C13AE8B13004BBFED /* Xen.app */;
			productType = "com.apple.product-type.application";
		};
/* End PBXNativeTarget section */

/* Begin PBXProject section */
		8F005B8313AE8B13004BBFED /* Project object */ = {
			isa = PBXProject;
			attributes = {
				LastUpgradeCheck = 0450;
				ORGANIZATIONNAME = TransWandsworth;
			};
			buildConfigurationList = 8F005B8613AE8B13004BBFED /* Build configuration list for PBXProject "Xen" */;
			compatibilityVersion = "Xcode 3.2";
			developmentRegion = English;
			hasScannedForEncodings = 0;
			knownRegions = (
				en,
			);
			mainGroup = 8F005B8113AE8B13004BBFED;
			productRefGroup = 8F005B8D13AE8B13004BBFED /* Products */;
			projectDirPath = "";
			projectRoot = "";
			targets = (
				8F005B8B13AE8B13004BBFED /* Xen */,
			);
		};
/* End PBXProject section */

/* Begin PBXResourcesBuildPhase section */
		8F005B8A13AE8B13004BBFED /* Resources */ = {
			isa = PBXResourcesBuildPhase;
			buildActionMask = 2147483647;
			files = (
				8F005B9B13AE8B13004BBFED /* InfoPlist.strings in Resources */,
				8F90C70214E2086400893221 /* MainMenu.xib in Resources */,
				8F2D14B514E9C8370064E40C /* open.png in Resources */,
				8F2D14B614E9C8370064E40C /* save.png in Resources */,
				8F2D14C314E9EA230064E40C /* Encounter.icns in Resources */,
			);
			runOnlyForDeploymentPostprocessing = 0;
		};
/* End PBXResourcesBuildPhase section */

/* Begin PBXSourcesBuildPhase section */
		8F005B8813AE8B13004BBFED /* Sources */ = {
			isa = PBXSourcesBuildPhase;
			buildActionMask = 2147483647;
			files = (
				8F005B9E13AE8B13004BBFED /* main.m in Sources */,
				8F005BA413AE8B13004BBFED /* XenAppDelegate.m in Sources */,
				8F005BC613AE8B47004BBFED /* BHEncounter.m in Sources */,
				8FDF15F414E20C9500310EAA /* XenController.m in Sources */,
				8FE07329165EDC4A0029CC4B /* BHCsvDataFormatter.m in Sources */,
				8FE07334165EEBBF0029CC4B /* BHJsonDataFormatter.m in Sources */,
				8FE07337165EED470029CC4B /* BHXmlDataFormatter.m in Sources */,
			);
			runOnlyForDeploymentPostprocessing = 0;
		};
/* End PBXSourcesBuildPhase section */

/* Begin PBXVariantGroup section */
		8F005B9913AE8B13004BBFED /* InfoPlist.strings */ = {
			isa = PBXVariantGroup;
			children = (
				8F005B9A13AE8B13004BBFED /* en */,
			);
			name = InfoPlist.strings;
			sourceTree = "<group>";
		};
		8F90C70014E2086400893221 /* MainMenu.xib */ = {
			isa = PBXVariantGroup;
			children = (
				8F90C70114E2086400893221 /* en */,
			);
			name = MainMenu.xib;
			sourceTree = "<group>";
		};
/* End PBXVariantGroup section */

/* Begin XCBuildConfiguration section */
		8F005BBC13AE8B14004BBFED /* Debug */ = {
			isa = XCBuildConfiguration;
			buildSettings = {
				ARCHS = "$(ARCHS_STANDARD_32_64_BIT)";
				GCC_C_LANGUAGE_STANDARD = gnu99;
				GCC_OPTIMIZATION_LEVEL = 0;
				GCC_PREPROCESSOR_DEFINITIONS = DEBUG;
				GCC_SYMBOLS_PRIVATE_EXTERN = NO;
				GCC_VERSION = com.apple.compilers.llvmgcc42;
				GCC_WARN_64_TO_32_BIT_CONVERSION = YES;
				GCC_WARN_ABOUT_RETURN_TYPE = YES;
				GCC_WARN_UNUSED_VARIABLE = YES;
				MACOSX_DEPLOYMENT_TARGET = 10.7;
				ONLY_ACTIVE_ARCH = YES;
				SDKROOT = "";
			};
			name = Debug;
		};
		8F005BBD13AE8B14004BBFED /* Release */ = {
			isa = XCBuildConfiguration;
			buildSettings = {
				ARCHS = "$(ARCHS_STANDARD_32_64_BIT)";
				GCC_C_LANGUAGE_STANDARD = gnu99;
				GCC_VERSION = com.apple.compilers.llvmgcc42;
				GCC_WARN_64_TO_32_BIT_CONVERSION = YES;
				GCC_WARN_ABOUT_RETURN_TYPE = YES;
				GCC_WARN_UNUSED_VARIABLE = YES;
				MACOSX_DEPLOYMENT_TARGET = 10.7;
				SDKROOT = "";
			};
			name = Release;
		};
		8F005BBF13AE8B14004BBFED /* Debug */ = {
			isa = XCBuildConfiguration;
			buildSettings = {
				ALWAYS_SEARCH_USER_PATHS = NO;
				COMBINE_HIDPI_IMAGES = YES;
				COPY_PHASE_STRIP = NO;
				GCC_DYNAMIC_NO_PIC = NO;
				GCC_ENABLE_OBJC_EXCEPTIONS = YES;
				GCC_PRECOMPILE_PREFIX_HEADER = YES;
				GCC_PREFIX_HEADER = "Xen/Xen-Prefix.pch";
				GCC_VERSION = "";
				INFOPLIST_FILE = "Xen/Xen-Info.plist";
				MACOSX_DEPLOYMENT_TARGET = 10.7;
				PRODUCT_NAME = "$(TARGET_NAME)";
				WRAPPER_EXTENSION = app;
			};
			name = Debug;
		};
		8F005BC013AE8B14004BBFED /* Release */ = {
			isa = XCBuildConfiguration;
			buildSettings = {
				ALWAYS_SEARCH_USER_PATHS = NO;
				COMBINE_HIDPI_IMAGES = YES;
				COPY_PHASE_STRIP = YES;
				DEBUG_INFORMATION_FORMAT = "dwarf-with-dsym";
				GCC_ENABLE_OBJC_EXCEPTIONS = YES;
				GCC_PRECOMPILE_PREFIX_HEADER = YES;
				GCC_PREFIX_HEADER = "Xen/Xen-Prefix.pch";
				GCC_VERSION = "";
				INFOPLIST_FILE = "Xen/Xen-Info.plist";
				MACOSX_DEPLOYMENT_TARGET = 10.7;
				PRODUCT_NAME = "$(TARGET_NAME)";
				WRAPPER_EXTENSION = app;
			};
			name = Release;
		};
/* End XCBuildConfiguration section */

/* Begin XCConfigurationList section */
		8F005B8613AE8B13004BBFED /* Build configuration list for PBXProject "Xen" */ = {
			isa = XCConfigurationList;
			buildConfigurations = (
				8F005BBC13AE8B14004BBFED /* Debug */,
				8F005BBD13AE8B14004BBFED /* Release */,
			);
			defaultConfigurationIsVisible = 0;
			defaultConfigurationName = Release;
		};
		8F005BBE13AE8B14004BBFED /* Build configuration list for PBXNativeTarget "Xen" */ = {
			isa = XCConfigurationList;
			buildConfigurations = (
				8F005BBF13AE8B14004BBFED /* Debug */,
				8F005BC013AE8B14004BBFED /* Release */,
			);
			defaultConfigurationIsVisible = 0;
			defaultConfigurationName = Release;
		};
/* End XCConfigurationList section */
	};
	rootObject = 8F005B8313AE8B13004BBFED /* Project object */;
}
